{
    "_readme": [
        "This file locks the dependencies of your project to a known state",
        "Read more about it at http://getcomposer.org/doc/01-basic-usage.md#composer-lock-the-lock-file"
    ],
    "hash": "18025a02c1dd0dbf79cf5e798db25f8e",
    "packages": [
        {
            "name": "conservatory/adodb5",
            "version": "5.1.8",
            "source": {
                "type": "git",
                "url": "https://bitbucket.org/conservatory/adodb5.git",
                "reference": "34dc5da32bfc6ebc62de559f2ee45c531d2f1e82"
            },
            "dist": {
                "type": "zip",
                "url": "https://bitbucket.org/conservatory/adodb5/get/34dc5da32bfc6ebc62de559f2ee45c531d2f1e82.zip",
                "reference": "34dc5da32bfc6ebc62de559f2ee45c531d2f1e82",
                "shasum": ""
            },
            "type": "library",
            "description": "A composer-compatible version of adodb, from http://adodb.sourceforge.net",
            "time": "2014-04-25 21:30:51"
        },
        {
            "name": "conservatory/jpgraph",
            "version": "3.5.0",
            "source": {
                "type": "git",
                "url": "https://bitbucket.org/conservatory/jpgraph.git",
                "reference": "6418b50bacf94e0cd56007eea1b0807790590d4a"
            },
            "dist": {
                "type": "zip",
                "url": "https://bitbucket.org/conservatory/jpgraph/get/6418b50bacf94e0cd56007eea1b0807790590d4a.zip",
                "reference": "6418b50bacf94e0cd56007eea1b0807790590d4a",
                "shasum": ""
            },
            "type": "library",
            "description": "Object-Oriented Graph creating library for PHP >= 5.1, from http://jpgraph.net/",
            "time": "2014-04-24 16:47:19"
        },
        {
            "name": "conservatory/mru-ldap",
            "version": "1.1.0",
            "source": {
                "type": "git",
                "url": "git@bitbucket.org:conservatory/mru-ldap.git",
                "reference": "67b1ec0b7f9b8bc9296f4993cdec2a92e042d9b6"
            },
            "type": "library",
            "autoload": {
                "psr-4": {
                    "MRU\\": "MRU"
                }
            },
            "description": "An LDAP library",
            "time": "2014-05-20 19:42:33"
        },
        {
            "name": "conservatory/mru-research-caqc",
            "version": "1.0.0",
            "source": {
                "type": "git",
                "url": "git@bitbucket.org:conservatory/mru-research-caqc.git",
                "reference": "01664ad691e99da1ec1b8a1480f82bdfef97f77d"
            },
            "type": "library",
            "autoload": {
                "psr-4": {
                    "MRU\\Research\\": "MRU\\Research"
                }
            },
            "description": "Handles CAQC stats",
            "time": "2014-05-07 15:30:28"
        },
        {
            "name": "conservatory/mru-research-curriculum-vitae",
            "version": "1.0.1",
            "source": {
                "type": "git",
                "url": "git@bitbucket.org:conservatory/mru-research-curriculum-vitae.git",
                "reference": "13ccca69c6b99808c9a0e9479607706ac69f2971"
            },
            "type": "library",
            "autoload": {
                "psr-4": {
                    "MRU\\Research\\": "MRU\\Research"
                }
            },
            "description": "Curriculum Vitae classes",
            "time": "2014-05-14 23:08:45"
        },
        {
            "name": "conservatory/tcpdf",
            "version": "6.0.068",
            "source": {
                "type": "git",
                "url": "https://bitbucket.org/conservatory/tcpdf.git",
                "reference": "05a247ef5352a583c8ccaf42248b246586e099c3"
            },
            "dist": {
                "type": "zip",
                "url": "https://bitbucket.org/conservatory/tcpdf/get/05a247ef5352a583c8ccaf42248b246586e099c3.zip",
                "reference": "05a247ef5352a583c8ccaf42248b246586e099c3",
                "shasum": ""
            },
            "type": "library",
            "description": "TCPDF is a free and open source software PHP class for generating PDF documents, from http://www.tcpdf.org/",
            "time": "2014-04-24 19:42:18"
        },
        {
            "name": "monolog/monolog",
            "version": "1.9.1",
            "source": {
                "type": "git",
                "url": "https://github.com/Seldaek/monolog.git",
                "reference": "65026b610f8c19e61d7242f600530677b0466aac"
            },
            "dist": {
                "type": "zip",
                "url": "https://api.github.com/repos/Seldaek/monolog/zipball/65026b610f8c19e61d7242f600530677b0466aac",
                "reference": "65026b610f8c19e61d7242f600530677b0466aac",
                "shasum": ""
            },
            "require": {
                "php": ">=5.3.0",
                "psr/log": "~1.0"
            },
            "require-dev": {
                "aws/aws-sdk-php": "~2.4, >2.4.8",
                "doctrine/couchdb": "~1.0@dev",
                "graylog2/gelf-php": "~1.0",
                "phpunit/phpunit": "~3.7.0",
                "raven/raven": "~0.5",
                "ruflin/elastica": "0.90.*"
            },
            "suggest": {
                "aws/aws-sdk-php": "Allow sending log messages to AWS services like DynamoDB",
                "doctrine/couchdb": "Allow sending log messages to a CouchDB server",
                "ext-amqp": "Allow sending log messages to an AMQP server (1.0+ required)",
                "ext-mongo": "Allow sending log messages to a MongoDB server",
                "graylog2/gelf-php": "Allow sending log messages to a GrayLog2 server",
                "raven/raven": "Allow sending log messages to a Sentry server",
                "rollbar/rollbar": "Allow sending log messages to Rollbar",
                "ruflin/elastica": "Allow sending log messages to an Elastic Search server"
            },
            "type": "library",
            "extra": {
                "branch-alias": {
                    "dev-master": "1.9.x-dev"
                }
            },
            "autoload": {
                "psr-4": {
                    "Monolog\\": "src/Monolog"
                }
            },
            "notification-url": "https://packagist.org/downloads/",
            "license": [
                "MIT"
            ],
            "authors": [
                {
                    "name": "Jordi Boggiano",
                    "email": "j.boggiano@seld.be",
                    "homepage": "http://seld.be",
                    "role": "Developer"
                }
            ],
            "description": "Sends your logs to files, sockets, inboxes, databases and various web services",
            "homepage": "http://github.com/Seldaek/monolog",
            "keywords": [
                "log",
                "logging",
                "psr-3"
            ],
            "time": "2014-04-24 13:29:03"
        },
        {
            "name": "psr/log",
            "version": "1.0.0",
            "source": {
                "type": "git",
                "url": "https://github.com/php-fig/log.git",
                "reference": "fe0936ee26643249e916849d48e3a51d5f5e278b"
            },
            "dist": {
                "type": "zip",
                "url": "https://api.github.com/repos/php-fig/log/zipball/fe0936ee26643249e916849d48e3a51d5f5e278b",
                "reference": "fe0936ee26643249e916849d48e3a51d5f5e278b",
                "shasum": ""
            },
            "type": "library",
            "autoload": {
                "psr-0": {
                    "Psr\\Log\\": ""
                }
            },
            "notification-url": "https://packagist.org/downloads/",
            "license": [
                "MIT"
            ],
            "authors": [
                {
                    "name": "PHP-FIG",
                    "homepage": "http://www.php-fig.org/"
                }
            ],
            "description": "Common interface for logging libraries",
            "keywords": [
                "log",
                "psr",
                "psr-3"
            ],
            "time": "2012-12-21 11:40:51"
        },
        {
            "name": "symfony/http-foundation",
            "version": "v2.4.3",
            "target-dir": "Symfony/Component/HttpFoundation",
            "source": {
                "type": "git",
                "url": "https://github.com/symfony/HttpFoundation.git",
                "reference": "11ad7352c7bfa12145a0df8e1c4c303c585ce169"
            },
            "dist": {
                "type": "zip",
                "url": "https://api.github.com/repos/symfony/HttpFoundation/zipball/11ad7352c7bfa12145a0df8e1c4c303c585ce169",
                "reference": "11ad7352c7bfa12145a0df8e1c4c303c585ce169",
                "shasum": ""
            },
            "require": {
                "php": ">=5.3.3"
            },
            "require-dev": {
                "symfony/expression-language": "~2.4"
            },
            "type": "library",
            "extra": {
                "branch-alias": {
                    "dev-master": "2.4-dev"
                }
            },
            "autoload": {
                "psr-0": {
                    "Symfony\\Component\\HttpFoundation\\": ""
                },
                "classmap": [
                    "Symfony/Component/HttpFoundation/Resources/stubs"
                ]
            },
            "notification-url": "https://packagist.org/downloads/",
            "license": [
                "MIT"
            ],
            "authors": [
                {
                    "name": "Fabien Potencier",
                    "email": "fabien@symfony.com",
                    "homepage": "http://fabien.potencier.org",
                    "role": "Lead Developer"
                },
                {
                    "name": "Symfony Community",
                    "homepage": "http://symfony.com/contributors"
                }
            ],
            "description": "Symfony HttpFoundation Component",
            "homepage": "http://symfony.com",
            "time": "2014-03-26 11:35:33"
        },
        {
            "name": "symfony/yaml",
            "version": "v2.4.3",
            "target-dir": "Symfony/Component/Yaml",
            "source": {
                "type": "git",
                "url": "https://github.com/symfony/Yaml.git",
                "reference": "77a41c2835ab7cfe8bf6d15e25d3af8f3eb3bacd"
            },
            "dist": {
                "type": "zip",
                "url": "https://api.github.com/repos/symfony/Yaml/zipball/77a41c2835ab7cfe8bf6d15e25d3af8f3eb3bacd",
                "reference": "77a41c2835ab7cfe8bf6d15e25d3af8f3eb3bacd",
                "shasum": ""
            },
            "require": {
                "php": ">=5.3.3"
            },
            "type": "library",
            "extra": {
                "branch-alias": {
                    "dev-master": "2.4-dev"
                }
            },
            "autoload": {
                "psr-0": {
                    "Symfony\\Component\\Yaml\\": ""
                }
            },
            "notification-url": "https://packagist.org/downloads/",
            "license": [
                "MIT"
            ],
            "authors": [
                {
                    "name": "Fabien Potencier",
                    "email": "fabien@symfony.com",
                    "homepage": "http://fabien.potencier.org",
                    "role": "Lead Developer"
                },
                {
                    "name": "Symfony Community",
                    "homepage": "http://symfony.com/contributors"
                }
            ],
            "description": "Symfony Yaml Component",
            "homepage": "http://symfony.com",
            "time": "2014-03-12 18:29:58"
        },
        {
            "name": "twig/twig",
            "version": "v1.15.1",
            "source": {
                "type": "git",
                "url": "https://github.com/fabpot/Twig.git",
                "reference": "1fb5784662f438d7d96a541e305e28b812e2eeed"
            },
            "dist": {
                "type": "zip",
                "url": "https://api.github.com/repos/fabpot/Twig/zipball/1fb5784662f438d7d96a541e305e28b812e2eeed",
                "reference": "1fb5784662f438d7d96a541e305e28b812e2eeed",
                "shasum": ""
            },
            "require": {
                "php": ">=5.2.4"
            },
            "type": "library",
            "extra": {
                "branch-alias": {
                    "dev-master": "1.15-dev"
                }
            },
            "autoload": {
                "psr-0": {
                    "Twig_": "lib/"
                }
            },
            "notification-url": "https://packagist.org/downloads/",
            "license": [
                "BSD-3-Clause"
            ],
            "authors": [
                {
                    "name": "Fabien Potencier",
                    "email": "fabien@symfony.com",
                    "homepage": "http://fabien.potencier.org",
                    "role": "Lead Developer"
                },
                {
                    "name": "Armin Ronacher",
                    "email": "armin.ronacher@active-4.com",
                    "role": "Project Founder"
                },
                {
                    "name": "Twig Team",
                    "homepage": "https://github.com/fabpot/Twig/graphs/contributors",
                    "role": "Contributors"
                }
            ],
            "description": "Twig, the flexible, fast, and secure template language for PHP",
            "homepage": "http://twig.sensiolabs.org",
            "keywords": [
                "templating"
            ],
            "time": "2014-02-13 10:19:29"
        }
    ],
    "packages-dev": [

    ],
    "aliases": [

    ],
    "minimum-stability": "stable",
    "stability-flags": [

    ],
    "platform": [

    ],
    "platform-dev": [

    ]
}
